// !$*UTF8*$!
{
	archiveVersion = 1;
	classes = {
	};
	objectVersion = 50;
	objects = {

/* Begin PBXBuildFile section */
		A81ED9B726A6435F00AC0EB4 /* AppDelegate.swift in Sources */ = {isa = PBXBuildFile; fileRef = A81ED9B626A6435F00AC0EB4 /* AppDelegate.swift */; };
		A81ED9B926A6435F00AC0EB4 /* SceneDelegate.swift in Sources */ = {isa = PBXBuildFile; fileRef = A81ED9B826A6435F00AC0EB4 /* SceneDelegate.swift */; };
		A81ED9BB26A6435F00AC0EB4 /* ViewController.swift in Sources */ = {isa = PBXBuildFile; fileRef = A81ED9BA26A6435F00AC0EB4 /* ViewController.swift */; };
		A81ED9BE26A6435F00AC0EB4 /* Main.storyboard in Resources */ = {isa = PBXBuildFile; fileRef = A81ED9BC26A6435F00AC0EB4 /* Main.storyboard */; };
		A81ED9C126A6435F00AC0EB4 /* toDoList.xcdatamodeld in Sources */ = {isa = PBXBuildFile; fileRef = A81ED9BF26A6435F00AC0EB4 /* toDoList.xcdatamodeld */; };
		A81ED9C326A6436000AC0EB4 /* Assets.xcassets in Resources */ = {isa = PBXBuildFile; fileRef = A81ED9C226A6436000AC0EB4 /* Assets.xcassets */; };
		A81ED9C626A6436000AC0EB4 /* LaunchScreen.storyboard in Resources */ = {isa = PBXBuildFile; fileRef = A81ED9C426A6436000AC0EB4 /* LaunchScreen.storyboard */; };
		A81ED9D126A6436000AC0EB4 /* toDoListTests.swift in Sources */ = {isa = PBXBuildFile; fileRef = A81ED9D026A6436000AC0EB4 /* toDoListTests.swift */; };
		A81ED9DC26A6436000AC0EB4 /* toDoListUITests.swift in Sources */ = {isa = PBXBuildFile; fileRef = A81ED9DB26A6436000AC0EB4 /* toDoListUITests.swift */; };
		A81ED9EA26A64AAB00AC0EB4 /* ToDoTableViewController.swift in Sources */ = {isa = PBXBuildFile; fileRef = A81ED9E926A64AAB00AC0EB4 /* ToDoTableViewController.swift */; };
		A81ED9EE26A73FBA00AC0EB4 /* ToDo.swift in Sources */ = {isa = PBXBuildFile; fileRef = A81ED9ED26A73FBA00AC0EB4 /* ToDo.swift */; };
/* End PBXBuildFile section */

/* Begin PBXContainerItemProxy section */
		A81ED9CD26A6436000AC0EB4 /* PBXContainerItemProxy */ = {
			isa = PBXContainerItemProxy;
			containerPortal = A81ED9AB26A6435F00AC0EB4 /* Project object */;
			proxyType = 1;
			remoteGlobalIDString = A81ED9B226A6435F00AC0EB4;
			remoteInfo = toDoList;
		};
		A81ED9D826A6436000AC0EB4 /* PBXContainerItemProxy */ = {
			isa = PBXContainerItemProxy;
			containerPortal = A81ED9AB26A6435F00AC0EB4 /* Project object */;
			proxyType = 1;
			remoteGlobalIDString = A81ED9B226A6435F00AC0EB4;
			remoteInfo = toDoList;
		};
/* End PBXContainerItemProxy section */

/* Begin PBXFileReference section */
		A81ED9B326A6435F00AC0EB4 /* toDoList.app */ = {isa = PBXFileReference; explicitFileType = wrapper.application; includeInIndex = 0; path = toDoList.app; sourceTree = BUILT_PRODUCTS_DIR; };
		A81ED9B626A6435F00AC0EB4 /* AppDelegate.swift */ = {isa = PBXFileReference; lastKnownFileType = sourcecode.swift; path = AppDelegate.swift; sourceTree = "<group>"; };
		A81ED9B826A6435F00AC0EB4 /* SceneDelegate.swift */ = {isa = PBXFileReference; lastKnownFileType = sourcecode.swift; path = SceneDelegate.swift; sourceTree = "<group>"; };
		A81ED9BA26A6435F00AC0EB4 /* ViewController.swift */ = {isa = PBXFileReference; lastKnownFileType = sourcecode.swift; path = ViewController.swift; sourceTree = "<group>"; };
		A81ED9BD26A6435F00AC0EB4 /* Base */ = {isa = PBXFileReference; lastKnownFileType = file.storyboard; name = Base; path = Base.lproj/Main.storyboard; sourceTree = "<group>"; };
		A81ED9C026A6435F00AC0EB4 /* toDoList.xcdatamodel */ = {isa = PBXFileReference; lastKnownFileType = wrapper.xcdatamodel; path = toDoList.xcdatamodel; sourceTree = "<group>"; };
		A81ED9C226A6436000AC0EB4 /* Assets.xcassets */ = {isa = PBXFileReference; lastKnownFileType = folder.assetcatalog; path = Assets.xcassets; sourceTree = "<group>"; };
		A81ED9C526A6436000AC0EB4 /* Base */ = {isa = PBXFileReference; lastKnownFileType = file.storyboard; name = Base; path = Base.lproj/LaunchScreen.storyboard; sourceTree = "<group>"; };
		A81ED9C726A6436000AC0EB4 /* Info.plist */ = {isa = PBXFileReference; lastKnownFileType = text.plist.xml; path = Info.plist; sourceTree = "<group>"; };
		A81ED9CC26A6436000AC0EB4 /* toDoListTests.xctest */ = {isa = PBXFileReference; explicitFileType = wrapper.cfbundle; includeInIndex = 0; path = toDoListTests.xctest; sourceTree = BUILT_PRODUCTS_DIR; };
		A81ED9D026A6436000AC0EB4 /* toDoListTests.swift */ = {isa = PBXFileReference; lastKnownFileType = sourcecode.swift; path = toDoListTests.swift; sourceTree = "<group>"; };
		A81ED9D226A6436000AC0EB4 /* Info.plist */ = {isa = PBXFileReference; lastKnownFileType = text.plist.xml; path = Info.plist; sourceTree = "<group>"; };
		A81ED9D726A6436000AC0EB4 /* toDoListUITests.xctest */ = {isa = PBXFileReference; explicitFileType = wrapper.cfbundle; includeInIndex = 0; path = toDoListUITests.xctest; sourceTree = BUILT_PRODUCTS_DIR; };
		A81ED9DB26A6436000AC0EB4 /* toDoListUITests.swift */ = {isa = PBXFileReference; lastKnownFileType = sourcecode.swift; path = toDoListUITests.swift; sourceTree = "<group>"; };
		A81ED9DD26A6436000AC0EB4 /* Info.plist */ = {isa = PBXFileReference; lastKnownFileType = text.plist.xml; path = Info.plist; sourceTree = "<group>"; };
		A81ED9E926A64AAB00AC0EB4 /* ToDoTableViewController.swift */ = {isa = PBXFileReference; lastKnownFileType = sourcecode.swift; path = ToDoTableViewController.swift; sourceTree = "<group>"; };
		A81ED9ED26A73FBA00AC0EB4 /* ToDo.swift */ = {isa = PBXFileReference; lastKnownFileType = sourcecode.swift; path = ToDo.swift; sourceTree = "<group>"; };
/* End PBXFileReference section */

/* Begin PBXFrameworksBuildPhase section */
		A81ED9B026A6435F00AC0EB4 /* Frameworks */ = {
			isa = PBXFrameworksBuildPhase;
			buildActionMask = 2147483647;
			files = (
			);
			runOnlyForDeploymentPostprocessing = 0;
		};
		A81ED9C926A6436000AC0EB4 /* Frameworks */ = {
			isa = PBXFrameworksBuildPhase;
			buildActionMask = 2147483647;
			files = (
			);
			runOnlyForDeploymentPostprocessing = 0;
		};
		A81ED9D426A6436000AC0EB4 /* Frameworks */ = {
			isa = PBXFrameworksBuildPhase;
			buildActionMask = 2147483647;
			files = (
			);
			runOnlyForDeploymentPostprocessing = 0;
		};
/* End PBXFrameworksBuildPhase section */

/* Begin PBXGroup section */
		A81ED9AA26A6435F00AC0EB4 = {
			isa = PBXGroup;
			children = (
				A81ED9B526A6435F00AC0EB4 /* toDoList */,
				A81ED9CF26A6436000AC0EB4 /* toDoListTests */,
				A81ED9DA26A6436000AC0EB4 /* toDoListUITests */,
				A81ED9B426A6435F00AC0EB4 /* Products */,
			);
			sourceTree = "<group>";
		};
		A81ED9B426A6435F00AC0EB4 /* Products */ = {
			isa = PBXGroup;
			children = (
				A81ED9B326A6435F00AC0EB4 /* toDoList.app */,
				A81ED9CC26A6436000AC0EB4 /* toDoListTests.xctest */,
				A81ED9D726A6436000AC0EB4 /* toDoListUITests.xctest */,
			);
			name = Products;
			sourceTree = "<group>";
		};
		A81ED9B526A6435F00AC0EB4 /* toDoList */ = {
			isa = PBXGroup;
			children = (
				A81ED9B626A6435F00AC0EB4 /* AppDelegate.swift */,
				A81ED9B826A6435F00AC0EB4 /* SceneDelegate.swift */,
				A81ED9BA26A6435F00AC0EB4 /* ViewController.swift */,
				A81ED9BC26A6435F00AC0EB4 /* Main.storyboard */,
				A81ED9ED26A73FBA00AC0EB4 /* ToDo.swift */,
				A81ED9E926A64AAB00AC0EB4 /* ToDoTableViewController.swift */,
				A81ED9C226A6436000AC0EB4 /* Assets.xcassets */,
				A81ED9C426A6436000AC0EB4 /* LaunchScreen.storyboard */,
				A81ED9C726A6436000AC0EB4 /* Info.plist */,
				A81ED9BF26A6435F00AC0EB4 /* toDoList.xcdatamodeld */,
			);
			path = toDoList;
			sourceTree = "<group>";
		};
		A81ED9CF26A6436000AC0EB4 /* toDoListTests */ = {
			isa = PBXGroup;
			children = (
				A81ED9D026A6436000AC0EB4 /* toDoListTests.swift */,
				A81ED9D226A6436000AC0EB4 /* Info.plist */,
			);
			path = toDoListTests;
			sourceTree = "<group>";
		};
		A81ED9DA26A6436000AC0EB4 /* toDoListUITests */ = {
			isa = PBXGroup;
			children = (
				A81ED9DB26A6436000AC0EB4 /* toDoListUITests.swift */,
				A81ED9DD26A6436000AC0EB4 /* Info.plist */,
			);
			path = toDoListUITests;
			sourceTree = "<group>";
		};
/* End PBXGroup section */

/* Begin PBXNativeTarget section */
		A81ED9B226A6435F00AC0EB4 /* toDoList */ = {
			isa = PBXNativeTarget;
			buildConfigurationList = A81ED9E026A6436000AC0EB4 /* Build configuration list for PBXNativeTarget "toDoList" */;
			buildPhases = (
				A81ED9AF26A6435F00AC0EB4 /* Sources */,
				A81ED9B026A6435F00AC0EB4 /* Frameworks */,
				A81ED9B126A6435F00AC0EB4 /* Resources */,
			);
			buildRules = (
			);
			dependencies = (
			);
			name = toDoList;
			productName = toDoList;
			productReference = A81ED9B326A6435F00AC0EB4 /* toDoList.app */;
			productType = "com.apple.product-type.application";
		};
		A81ED9CB26A6436000AC0EB4 /* toDoListTests */ = {
			isa = PBXNativeTarget;
			buildConfigurationList = A81ED9E326A6436000AC0EB4 /* Build configuration list for PBXNativeTarget "toDoListTests" */;
			buildPhases = (
				A81ED9C826A6436000AC0EB4 /* Sources */,
				A81ED9C926A6436000AC0EB4 /* Frameworks */,
				A81ED9CA26A6436000AC0EB4 /* Resources */,
			);
			buildRules = (
			);
			dependencies = (
				A81ED9CE26A6436000AC0EB4 /* PBXTargetDependency */,
			);
			name = toDoListTests;
			productName = toDoListTests;
			productReference = A81ED9CC26A6436000AC0EB4 /* toDoListTests.xctest */;
			productType = "com.apple.product-type.bundle.unit-test";
		};
		A81ED9D626A6436000AC0EB4 /* toDoListUITests */ = {
			isa = PBXNativeTarget;
			buildConfigurationList = A81ED9E626A6436000AC0EB4 /* Build configuration list for PBXNativeTarget "toDoListUITests" */;
			buildPhases = (
				A81ED9D326A6436000AC0EB4 /* Sources */,
				A81ED9D426A6436000AC0EB4 /* Frameworks */,
				A81ED9D526A6436000AC0EB4 /* Resources */,
			);
			buildRules = (
			);
			dependencies = (
				A81ED9D926A6436000AC0EB4 /* PBXTargetDependency */,
			);
			name = toDoListUITests;
			productName = toDoListUITests;
			productReference = A81ED9D726A6436000AC0EB4 /* toDoListUITests.xctest */;
			productType = "com.apple.product-type.bundle.ui-testing";
		};
/* End PBXNativeTarget section */

/* Begin PBXProject section */
		A81ED9AB26A6435F00AC0EB4 /* Project object */ = {
			isa = PBXProject;
			attributes = {
				LastSwiftUpdateCheck = 1250;
				LastUpgradeCheck = 1250;
				TargetAttributes = {
					A81ED9B226A6435F00AC0EB4 = {
						CreatedOnToolsVersion = 12.5;
					};
					A81ED9CB26A6436000AC0EB4 = {
						CreatedOnToolsVersion = 12.5;
						TestTargetID = A81ED9B226A6435F00AC0EB4;
					};
					A81ED9D626A6436000AC0EB4 = {
						CreatedOnToolsVersion = 12.5;
						TestTargetID = A81ED9B226A6435F00AC0EB4;
					};
				};
			};
			buildConfigurationList = A81ED9AE26A6435F00AC0EB4 /* Build configuration list for PBXProject "toDoList" */;
			compatibilityVersion = "Xcode 9.3";
			developmentRegion = en;
			hasScannedForEncodings = 0;
			knownRegions = (
				en,
				Base,
			);
			mainGroup = A81ED9AA26A6435F00AC0EB4;
			productRefGroup = A81ED9B426A6435F00AC0EB4 /* Products */;
			projectDirPath = "";
			projectRoot = "";
			targets = (
				A81ED9B226A6435F00AC0EB4 /* toDoList */,
				A81ED9CB26A6436000AC0EB4 /* toDoListTests */,
				A81ED9D626A6436000AC0EB4 /* toDoListUITests */,
			);
		};
/* End PBXProject section */

/* Begin PBXResourcesBuildPhase section */
		A81ED9B126A6435F00AC0EB4 /* Resources */ = {
			isa = PBXResourcesBuildPhase;
			buildActionMask = 2147483647;
			files = (
				A81ED9C626A6436000AC0EB4 /* LaunchScreen.storyboard in Resources */,
				A81ED9C326A6436000AC0EB4 /* Assets.xcassets in Resources */,
				A81ED9BE26A6435F00AC0EB4 /* Main.storyboard in Resources */,
			);
			runOnlyForDeploymentPostprocessing = 0;
		};
		A81ED9CA26A6436000AC0EB4 /* Resources */ = {
			isa = PBXResourcesBuildPhase;
			buildActionMask = 2147483647;
			files = (
			);
			runOnlyForDeploymentPostprocessing = 0;
		};
		A81ED9D526A6436000AC0EB4 /* Resources */ = {
			isa = PBXResourcesBuildPhase;
			buildActionMask = 2147483647;
			files = (
			);
			runOnlyForDeploymentPostprocessing = 0;
		};
/* End PBXResourcesBuildPhase section */

/* Begin PBXSourcesBuildPhase section */
		A81ED9AF26A6435F00AC0EB4 /* Sources */ = {
			isa = PBXSourcesBuildPhase;
			buildActionMask = 2147483647;
			files = (
				A81ED9BB26A6435F00AC0EB4 /* ViewController.swift in Sources */,
				A81ED9EE26A73FBA00AC0EB4 /* ToDo.swift in Sources */,
				A81ED9B726A6435F00AC0EB4 /* AppDelegate.swift in Sources */,
				A81ED9B926A6435F00AC0EB4 /* SceneDelegate.swift in Sources */,
				A81ED9C126A6435F00AC0EB4 /* toDoList.xcdatamodeld in Sources */,
				A81ED9EA26A64AAB00AC0EB4 /* ToDoTableViewController.swift in Sources */,
			);
			runOnlyForDeploymentPostprocessing = 0;
		};
		A81ED9C826A6436000AC0EB4 /* Sources */ = {
			isa = PBXSourcesBuildPhase;
			buildActionMask = 2147483647;
			files = (
				A81ED9D126A6436000AC0EB4 /* toDoListTests.swift in Sources */,
			);
			runOnlyForDeploymentPostprocessing = 0;
		};
		A81ED9D326A6436000AC0EB4 /* Sources */ = {
			isa = PBXSourcesBuildPhase;
			buildActionMask = 2147483647;
			files = (
				A81ED9DC26A6436000AC0EB4 /* toDoListUITests.swift in Sources */,
			);
			runOnlyForDeploymentPostprocessing = 0;
		};
/* End PBXSourcesBuildPhase section */

/* Begin PBXTargetDependency section */
		A81ED9CE26A6436000AC0EB4 /* PBXTargetDependency */ = {
			isa = PBXTargetDependency;
			target = A81ED9B226A6435F00AC0EB4 /* toDoList */;
			targetProxy = A81ED9CD26A6436000AC0EB4 /* PBXContainerItemProxy */;
		};
		A81ED9D926A6436000AC0EB4 /* PBXTargetDependency */ = {
			isa = PBXTargetDependency;
			target = A81ED9B226A6435F00AC0EB4 /* toDoList */;
			targetProxy = A81ED9D826A6436000AC0EB4 /* PBXContainerItemProxy */;
		};
/* End PBXTargetDependency section */

/* Begin PBXVariantGroup section */
		A81ED9BC26A6435F00AC0EB4 /* Main.storyboard */ = {
			isa = PBXVariantGroup;
			children = (
				A81ED9BD26A6435F00AC0EB4 /* Base */,
			);
			name = Main.storyboard;
			sourceTree = "<group>";
		};
		A81ED9C426A6436000AC0EB4 /* LaunchScreen.storyboard */ = {
			isa = PBXVariantGroup;
			children = (
				A81ED9C526A6436000AC0EB4 /* Base */,
			);
			name = LaunchScreen.storyboard;
			sourceTree = "<group>";
		};
/* End PBXVariantGroup section */

/* Begin XCBuildConfiguration section */
		A81ED9DE26A6436000AC0EB4 /* Debug */ = {
			isa = XCBuildConfiguration;
			buildSettings = {
				ALWAYS_SEARCH_USER_PATHS = NO;
				CLANG_ANALYZER_NONNULL = YES;
				CLANG_ANALYZER_NUMBER_OBJECT_CONVERSION = YES_AGGRESSIVE;
				CLANG_CXX_LANGUAGE_STANDARD = "gnu++14";
				CLANG_CXX_LIBRARY = "libc++";
				CLANG_ENABLE_MODULES = YES;
				CLANG_ENABLE_OBJC_ARC = YES;
				CLANG_ENABLE_OBJC_WEAK = YES;
				CLANG_WARN_BLOCK_CAPTURE_AUTORELEASING = YES;
				CLANG_WARN_BOOL_CONVERSION = YES;
				CLANG_WARN_COMMA = YES;
				CLANG_WARN_CONSTANT_CONVERSION = YES;
				CLANG_WARN_DEPRECATED_OBJC_IMPLEMENTATIONS = YES;
				CLANG_WARN_DIRECT_OBJC_ISA_USAGE = YES_ERROR;
				CLANG_WARN_DOCUMENTATION_COMMENTS = YES;
				CLANG_WARN_EMPTY_BODY = YES;
				CLANG_WARN_ENUM_CONVERSION = YES;
				CLANG_WARN_INFINITE_RECURSION = YES;
				CLANG_WARN_INT_CONVERSION = YES;
				CLANG_WARN_NON_LITERAL_NULL_CONVERSION = YES;
				CLANG_WARN_OBJC_IMPLICIT_RETAIN_SELF = YES;
				CLANG_WARN_OBJC_LITERAL_CONVERSION = YES;
				CLANG_WARN_OBJC_ROOT_CLASS = YES_ERROR;
				CLANG_WARN_QUOTED_INCLUDE_IN_FRAMEWORK_HEADER = YES;
				CLANG_WARN_RANGE_LOOP_ANALYSIS = YES;
				CLANG_WARN_STRICT_PROTOTYPES = YES;
				CLANG_WARN_SUSPICIOUS_MOVE = YES;
				CLANG_WARN_UNGUARDED_AVAILABILITY = YES_AGGRESSIVE;
				CLANG_WARN_UNREACHABLE_CODE = YES;
				CLANG_WARN__DUPLICATE_METHOD_MATCH = YES;
				COPY_PHASE_STRIP = NO;
				DEBUG_INFORMATION_FORMAT = dwarf;
				ENABLE_STRICT_OBJC_MSGSEND = YES;
				ENABLE_TESTABILITY = YES;
				GCC_C_LANGUAGE_STANDARD = gnu11;
				GCC_DYNAMIC_NO_PIC = NO;
				GCC_NO_COMMON_BLOCKS = YES;
				GCC_OPTIMIZATION_LEVEL = 0;
				GCC_PREPROCESSOR_DEFINITIONS = (
					"DEBUG=1",
					"$(inherited)",
				);
				GCC_WARN_64_TO_32_BIT_CONVERSION = YES;
				GCC_WARN_ABOUT_RETURN_TYPE = YES_ERROR;
				GCC_WARN_UNDECLARED_SELECTOR = YES;
				GCC_WARN_UNINITIALIZED_AUTOS = YES_AGGRESSIVE;
				GCC_WARN_UNUSED_FUNCTION = YES;
				GCC_WARN_UNUSED_VARIABLE = YES;
				IPHONEOS_DEPLOYMENT_TARGET = 14.5;
				MTL_ENABLE_DEBUG_INFO = INCLUDE_SOURCE;
				MTL_FAST_MATH = YES;
				ONLY_ACTIVE_ARCH = YES;
				SDKROOT = iphoneos;
				SWIFT_ACTIVE_COMPILATION_CONDITIONS = DEBUG;
				SWIFT_OPTIMIZATION_LEVEL = "-Onone";
			};
			name = Debug;
		};
		A81ED9DF26A6436000AC0EB4 /* Release */ = {
			isa = XCBuildConfiguration;
			buildSettings = {
				ALWAYS_SEARCH_USER_PATHS = NO;
				CLANG_ANALYZER_NONNULL = YES;
				CLANG_ANALYZER_NUMBER_OBJECT_CONVERSION = YES_AGGRESSIVE;
				CLANG_CXX_LANGUAGE_STANDARD = "gnu++14";
				CLANG_CXX_LIBRARY = "libc++";
				CLANG_ENABLE_MODULES = YES;
				CLANG_ENABLE_OBJC_ARC = YES;
				CLANG_ENABLE_OBJC_WEAK = YES;
				CLANG_WARN_BLOCK_CAPTURE_AUTORELEASING = YES;
				CLANG_WARN_BOOL_CONVERSION = YES;
				CLANG_WARN_COMMA = YES;
				CLANG_WARN_CONSTANT_CONVERSION = YES;
				CLANG_WARN_DEPRECATED_OBJC_IMPLEMENTATIONS = YES;
				CLANG_WARN_DIRECT_OBJC_ISA_USAGE = YES_ERROR;
				CLANG_WARN_DOCUMENTATION_COMMENTS = YES;
				CLANG_WARN_EMPTY_BODY = YES;
				CLANG_WARN_ENUM_CONVERSION = YES;
				CLANG_WARN_INFINITE_RECURSION = YES;
				CLANG_WARN_INT_CONVERSION = YES;
				CLANG_WARN_NON_LITERAL_NULL_CONVERSION = YES;
				CLANG_WARN_OBJC_IMPLICIT_RETAIN_SELF = YES;
				CLANG_WARN_OBJC_LITERAL_CONVERSION = YES;
				CLANG_WARN_OBJC_ROOT_CLASS = YES_ERROR;
				CLANG_WARN_QUOTED_INCLUDE_IN_FRAMEWORK_HEADER = YES;
				CLANG_WARN_RANGE_LOOP_ANALYSIS = YES;
				CLANG_WARN_STRICT_PROTOTYPES = YES;
				CLANG_WARN_SUSPICIOUS_MOVE = YES;
				CLANG_WARN_UNGUARDED_AVAILABILITY = YES_AGGRESSIVE;
				CLANG_WARN_UNREACHABLE_CODE = YES;
				CLANG_WARN__DUPLICATE_METHOD_MATCH = YES;
				COPY_PHASE_STRIP = NO;
				DEBUG_INFORMATION_FORMAT = "dwarf-with-dsym";
				ENABLE_NS_ASSERTIONS = NO;
				ENABLE_STRICT_OBJC_MSGSEND = YES;
				GCC_C_LANGUAGE_STANDARD = gnu11;
				GCC_NO_COMMON_BLOCKS = YES;
				GCC_WARN_64_TO_32_BIT_CONVERSION = YES;
				GCC_WARN_ABOUT_RETURN_TYPE = YES_ERROR;
				GCC_WARN_UNDECLARED_SELECTOR = YES;
				GCC_WARN_UNINITIALIZED_AUTOS = YES_AGGRESSIVE;
				GCC_WARN_UNUSED_FUNCTION = YES;
				GCC_WARN_UNUSED_VARIABLE = YES;
				IPHONEOS_DEPLOYMENT_TARGET = 14.5;
				MTL_ENABLE_DEBUG_INFO = NO;
				MTL_FAST_MATH = YES;
				SDKROOT = iphoneos;
				SWIFT_COMPILATION_MODE = wholemodule;
				SWIFT_OPTIMIZATION_LEVEL = "-O";
				VALIDATE_PRODUCT = YES;
			};
			name = Release;
		};
		A81ED9E126A6436000AC0EB4 /* Debug */ = {
			isa = XCBuildConfiguration;
			buildSettings = {
				ASSETCATALOG_COMPILER_APPICON_NAME = AppIcon;
				ASSETCATALOG_COMPILER_GLOBAL_ACCENT_COLOR_NAME = AccentColor;
				CODE_SIGN_STYLE = Automatic;
				INFOPLIST_FILE = toDoList/Info.plist;
				LD_RUNPATH_SEARCH_PATHS = (
					"$(inherited)",
					"@executable_path/Frameworks",
				);
				PRODUCT_BUNDLE_IDENTIFIER = "kwk-2021.toDoList";
				PRODUCT_NAME = "$(TARGET_NAME)";
				SWIFT_VERSION = 5.0;
				TARGETED_DEVICE_FAMILY = "1,2";
			};
			name = Debug;
		};
		A81ED9E226A6436000AC0EB4 /* Release */ = {
			isa = XCBuildConfiguration;
			buildSettings = {
				ASSETCATALOG_COMPILER_APPICON_NAME = AppIcon;
				ASSETCATALOG_COMPILER_GLOBAL_ACCENT_COLOR_NAME = AccentColor;
				CODE_SIGN_STYLE = Automatic;
				INFOPLIST_FILE = toDoList/Info.plist;
				LD_RUNPATH_SEARCH_PATHS = (
					"$(inherited)",
					"@executable_path/Frameworks",
				);
				PRODUCT_BUNDLE_IDENTIFIER = "kwk-2021.toDoList";
				PRODUCT_NAME = "$(TARGET_NAME)";
				SWIFT_VERSION = 5.0;
				TARGETED_DEVICE_FAMILY = "1,2";
			};
			name = Release;
		};
		A81ED9E426A6436000AC0EB4 /* Debug */ = {
			isa = XCBuildConfiguration;
			buildSettings = {
				ALWAYS_EMBED_SWIFT_STANDARD_LIBRARIES = YES;
				BUNDLE_LOADER = "$(TEST_HOST)";
				CODE_SIGN_STYLE = Automatic;
				INFOPLIST_FILE = toDoListTests/Info.plist;
				IPHONEOS_DEPLOYMENT_TARGET = 14.5;
				LD_RUNPATH_SEARCH_PATHS = (
					"$(inherited)",
					"@executable_path/Frameworks",
					"@loader_path/Frameworks",
				);
				PRODUCT_BUNDLE_IDENTIFIER = "kwk-2021.toDoListTests";
				PRODUCT_NAME = "$(TARGET_NAME)";
				SWIFT_VERSION = 5.0;
				TARGETED_DEVICE_FAMILY = "1,2";
				TEST_HOST = "$(BUILT_PRODUCTS_DIR)/toDoList.app/toDoList";
			};
			name = Debug;
		};
		A81ED9E526A6436000AC0EB4 /* Release */ = {
			isa = XCBuildConfiguration;
			buildSettings = {
				ALWAYS_EMBED_SWIFT_STANDARD_LIBRARIES = YES;
				BUNDLE_LOADER = "$(TEST_HOST)";
				CODE_SIGN_STYLE = Automatic;
				INFOPLIST_FILE = toDoListTests/Info.plist;
				IPHONEOS_DEPLOYMENT_TARGET = 14.5;
				LD_RUNPATH_SEARCH_PATHS = (
					"$(inherited)",
					"@executable_path/Frameworks",
					"@loader_path/Frameworks",
				);
				PRODUCT_BUNDLE_IDENTIFIER = "kwk-2021.toDoListTests";
				PRODUCT_NAME = "$(TARGET_NAME)";
				SWIFT_VERSION = 5.0;
				TARGETED_DEVICE_FAMILY = "1,2";
				TEST_HOST = "$(BUILT_PRODUCTS_DIR)/toDoList.app/toDoList";
			};
			name = Release;
		};
		A81ED9E726A6436000AC0EB4 /* Debug */ = {
			isa = XCBuildConfiguration;
			buildSettings = {
				ALWAYS_EMBED_SWIFT_STANDARD_LIBRARIES = YES;
				CODE_SIGN_STYLE = Automatic;
				INFOPLIST_FILE = toDoListUITests/Info.plist;
				LD_RUNPATH_SEARCH_PATHS = (
					"$(inherited)",
					"@executable_path/Frameworks",
					"@loader_path/Frameworks",
				);
				PRODUCT_BUNDLE_IDENTIFIER = "kwk-2021.toDoListUITests";
				PRODUCT_NAME = "$(TARGET_NAME)";
				SWIFT_VERSION = 5.0;
				TARGETED_DEVICE_FAMILY = "1,2";
				TEST_TARGET_NAME = toDoList;
			};
			name = Debug;
		};
		A81ED9E826A6436000AC0EB4 /* Release */ = {
			isa = XCBuildConfiguration;
			buildSettings = {
				ALWAYS_EMBED_SWIFT_STANDARD_LIBRARIES = YES;
				CODE_SIGN_STYLE = Automatic;
				INFOPLIST_FILE = toDoListUITests/Info.plist;
				LD_RUNPATH_SEARCH_PATHS = (
					"$(inherited)",
					"@executable_path/Frameworks",
					"@loader_path/Frameworks",
				);
				PRODUCT_BUNDLE_IDENTIFIER = "kwk-2021.toDoListUITests";
				PRODUCT_NAME = "$(TARGET_NAME)";
				SWIFT_VERSION = 5.0;
				TARGETED_DEVICE_FAMILY = "1,2";
				TEST_TARGET_NAME = toDoList;
			};
			name = Release;
		};
/* End XCBuildConfiguration section */

/* Begin XCConfigurationList section */
		A81ED9AE26A6435F00AC0EB4 /* Build configuration list for PBXProject "toDoList" */ = {
			isa = XCConfigurationList;
			buildConfigurations = (
				A81ED9DE26A6436000AC0EB4 /* Debug */,
				A81ED9DF26A6436000AC0EB4 /* Release */,
			);
			defaultConfigurationIsVisible = 0;
			defaultConfigurationName = Release;
		};
		A81ED9E026A6436000AC0EB4 /* Build configuration list for PBXNativeTarget "toDoList" */ = {
			isa = XCConfigurationList;
			buildConfigurations = (
				A81ED9E126A6436000AC0EB4 /* Debug */,
				A81ED9E226A6436000AC0EB4 /* Release */,
			);
			defaultConfigurationIsVisible = 0;
			defaultConfigurationName = Release;
		};
		A81ED9E326A6436000AC0EB4 /* Build configuration list for PBXNativeTarget "toDoListTests" */ = {
			isa = XCConfigurationList;
			buildConfigurations = (
				A81ED9E426A6436000AC0EB4 /* Debug */,
				A81ED9E526A6436000AC0EB4 /* Release */,
			);
			defaultConfigurationIsVisible = 0;
			defaultConfigurationName = Release;
		};
		A81ED9E626A6436000AC0EB4 /* Build configuration list for PBXNativeTarget "toDoListUITests" */ = {
			isa = XCConfigurationList;
			buildConfigurations = (
				A81ED9E726A6436000AC0EB4 /* Debug */,
				A81ED9E826A6436000AC0EB4 /* Release */,
			);
			defaultConfigurationIsVisible = 0;
			defaultConfigurationName = Release;
		};
/* End XCConfigurationList section */

/* Begin XCVersionGroup section */
		A81ED9BF26A6435F00AC0EB4 /* toDoList.xcdatamodeld */ = {
			isa = XCVersionGroup;
			children = (
				A81ED9C026A6435F00AC0EB4 /* toDoList.xcdatamodel */,
			);
			currentVersion = A81ED9C026A6435F00AC0EB4 /* toDoList.xcdatamodel */;
			path = toDoList.xcdatamodeld;
			sourceTree = "<group>";
			versionGroupType = wrapper.xcdatamodel;
		};
/* End XCVersionGroup section */
	};
	rootObject = A81ED9AB26A6435F00AC0EB4 /* Project object */;
}
